// !$*UTF8*$!
{
	archiveVersion = 1;
	classes = {
	};
	objectVersion = 50;
	objects = {

/* Begin PBXBuildFile section */
		640B84AE227A1F8300177335 /* Loader.swift in Sources */ = {isa = PBXBuildFile; fileRef = 640B84AD227A1F8300177335 /* Loader.swift */; };
		640B84B2227A202400177335 /* ErrorTests.swift in Sources */ = {isa = PBXBuildFile; fileRef = 640B84B1227A202400177335 /* ErrorTests.swift */; };
		640B84B4227A31F100177335 /* ModelTests.swift in Sources */ = {isa = PBXBuildFile; fileRef = 640B84B3227A31F100177335 /* ModelTests.swift */; };
		6447673F2274DC0E00549DC4 /* AppDelegate.swift in Sources */ = {isa = PBXBuildFile; fileRef = 6447673E2274DC0E00549DC4 /* AppDelegate.swift */; };
		644767412274DC0E00549DC4 /* FlickrPhotosViewController.swift in Sources */ = {isa = PBXBuildFile; fileRef = 644767402274DC0E00549DC4 /* FlickrPhotosViewController.swift */; };
		644767442274DC0E00549DC4 /* Main.storyboard in Resources */ = {isa = PBXBuildFile; fileRef = 644767422274DC0E00549DC4 /* Main.storyboard */; };
		644767462274DC1100549DC4 /* Assets.xcassets in Resources */ = {isa = PBXBuildFile; fileRef = 644767452274DC1100549DC4 /* Assets.xcassets */; };
		644767492274DC1100549DC4 /* LaunchScreen.storyboard in Resources */ = {isa = PBXBuildFile; fileRef = 644767472274DC1100549DC4 /* LaunchScreen.storyboard */; };
		644767512274DCB800549DC4 /* ImageDownloader.swift in Sources */ = {isa = PBXBuildFile; fileRef = 644767502274DCB800549DC4 /* ImageDownloader.swift */; };
		644767592274E42D00549DC4 /* FlickrPhotosTests.swift in Sources */ = {isa = PBXBuildFile; fileRef = 644767582274E42D00549DC4 /* FlickrPhotosTests.swift */; };
		644767612274E46800549DC4 /* ImageCacheTests.swift in Sources */ = {isa = PBXBuildFile; fileRef = 644767602274E46800549DC4 /* ImageCacheTests.swift */; };
		644767632274E51900549DC4 /* uber.jpg in Resources */ = {isa = PBXBuildFile; fileRef = 644767622274E51900549DC4 /* uber.jpg */; };
		64476765227628CD00549DC4 /* NetworkManager.swift in Sources */ = {isa = PBXBuildFile; fileRef = 64476764227628CD00549DC4 /* NetworkManager.swift */; };
		6447676722763EAA00549DC4 /* FlickrPhotosSearchAPI.swift in Sources */ = {isa = PBXBuildFile; fileRef = 6447676622763EAA00549DC4 /* FlickrPhotosSearchAPI.swift */; };
		64476775227746E600549DC4 /* Constants.swift in Sources */ = {isa = PBXBuildFile; fileRef = 64476774227746E600549DC4 /* Constants.swift */; };
		6447677722774DC000549DC4 /* FlickrPhotoSearchService.swift in Sources */ = {isa = PBXBuildFile; fileRef = 6447677622774DC000549DC4 /* FlickrPhotoSearchService.swift */; };
		644767792277559400549DC4 /* FlickrPhotosViewModel.swift in Sources */ = {isa = PBXBuildFile; fileRef = 644767782277559400549DC4 /* FlickrPhotosViewModel.swift */; };
		6447677C2277572500549DC4 /* FlickrPhotosCell.swift in Sources */ = {isa = PBXBuildFile; fileRef = 6447677A2277572500549DC4 /* FlickrPhotosCell.swift */; };
		6447677D2277572500549DC4 /* FlickrPhotosCell.xib in Resources */ = {isa = PBXBuildFile; fileRef = 6447677B2277572500549DC4 /* FlickrPhotosCell.xib */; };
		64476783227784CD00549DC4 /* Localizable.strings in Resources */ = {isa = PBXBuildFile; fileRef = 64476782227784CD00549DC4 /* Localizable.strings */; };
		645089CE22788B2700A2880E /* Photo.swift in Sources */ = {isa = PBXBuildFile; fileRef = 645089CD22788B2700A2880E /* Photo.swift */; };
		645089D022788B3700A2880E /* PhotosList.swift in Sources */ = {isa = PBXBuildFile; fileRef = 645089CF22788B3700A2880E /* PhotosList.swift */; };
		645089D222788B4500A2880E /* FlickrPhotoSearchResponse.swift in Sources */ = {isa = PBXBuildFile; fileRef = 645089D122788B4500A2880E /* FlickrPhotoSearchResponse.swift */; };
		645089D922788C1900A2880E /* Cache.swift in Sources */ = {isa = PBXBuildFile; fileRef = 645089D822788C1900A2880E /* Cache.swift */; };
		645089DC2278C6CB00A2880E /* Error.swift in Sources */ = {isa = PBXBuildFile; fileRef = 645089DB2278C6CB00A2880E /* Error.swift */; };
		645089DF2278CE3500A2880E /* Parser.swift in Sources */ = {isa = PBXBuildFile; fileRef = 645089DE2278CE3500A2880E /* Parser.swift */; };
		645089E12278CE6500A2880E /* APIInfo.swift in Sources */ = {isa = PBXBuildFile; fileRef = 645089E02278CE6500A2880E /* APIInfo.swift */; };
		64FD94E12277A20500231BF5 /* ParserTests.swift in Sources */ = {isa = PBXBuildFile; fileRef = 64FD94E02277A20500231BF5 /* ParserTests.swift */; };
		64FD94E32277A26C00231BF5 /* images.json in Resources */ = {isa = PBXBuildFile; fileRef = 64FD94E22277A26C00231BF5 /* images.json */; };
		64FD94E52277A34200231BF5 /* error.json in Resources */ = {isa = PBXBuildFile; fileRef = 64FD94E42277A34200231BF5 /* error.json */; };
		64FD94E72277AA7300231BF5 /* ViewModelTests.swift in Sources */ = {isa = PBXBuildFile; fileRef = 64FD94E62277AA7300231BF5 /* ViewModelTests.swift */; };
/* End PBXBuildFile section */

/* Begin PBXContainerItemProxy section */
		6447675B2274E42D00549DC4 /* PBXContainerItemProxy */ = {
			isa = PBXContainerItemProxy;
			containerPortal = 644767332274DC0E00549DC4 /* Project object */;
			proxyType = 1;
			remoteGlobalIDString = 6447673A2274DC0E00549DC4;
			remoteInfo = FlickrPhotos;
		};
/* End PBXContainerItemProxy section */

/* Begin PBXFileReference section */
		640B84AD227A1F8300177335 /* Loader.swift */ = {isa = PBXFileReference; lastKnownFileType = sourcecode.swift; path = Loader.swift; sourceTree = "<group>"; };
		640B84B1227A202400177335 /* ErrorTests.swift */ = {isa = PBXFileReference; lastKnownFileType = sourcecode.swift; path = ErrorTests.swift; sourceTree = "<group>"; };
		640B84B3227A31F100177335 /* ModelTests.swift */ = {isa = PBXFileReference; lastKnownFileType = sourcecode.swift; path = ModelTests.swift; sourceTree = "<group>"; };
		6447673B2274DC0E00549DC4 /* FlickrPhotos.app */ = {isa = PBXFileReference; explicitFileType = wrapper.application; includeInIndex = 0; path = FlickrPhotos.app; sourceTree = BUILT_PRODUCTS_DIR; };
		6447673E2274DC0E00549DC4 /* AppDelegate.swift */ = {isa = PBXFileReference; lastKnownFileType = sourcecode.swift; path = AppDelegate.swift; sourceTree = "<group>"; };
		644767402274DC0E00549DC4 /* FlickrPhotosViewController.swift */ = {isa = PBXFileReference; lastKnownFileType = sourcecode.swift; path = FlickrPhotosViewController.swift; sourceTree = "<group>"; };
		644767432274DC0E00549DC4 /* Base */ = {isa = PBXFileReference; lastKnownFileType = file.storyboard; name = Base; path = Base.lproj/Main.storyboard; sourceTree = "<group>"; };
		644767452274DC1100549DC4 /* Assets.xcassets */ = {isa = PBXFileReference; lastKnownFileType = folder.assetcatalog; path = Assets.xcassets; sourceTree = "<group>"; };
		644767482274DC1100549DC4 /* Base */ = {isa = PBXFileReference; lastKnownFileType = file.storyboard; name = Base; path = Base.lproj/LaunchScreen.storyboard; sourceTree = "<group>"; };
		6447674A2274DC1100549DC4 /* Info.plist */ = {isa = PBXFileReference; lastKnownFileType = text.plist.xml; path = Info.plist; sourceTree = "<group>"; };
		644767502274DCB800549DC4 /* ImageDownloader.swift */ = {isa = PBXFileReference; lastKnownFileType = sourcecode.swift; path = ImageDownloader.swift; sourceTree = "<group>"; };
		644767562274E42D00549DC4 /* FlickrPhotosTests.xctest */ = {isa = PBXFileReference; explicitFileType = wrapper.cfbundle; includeInIndex = 0; path = FlickrPhotosTests.xctest; sourceTree = BUILT_PRODUCTS_DIR; };
		644767582274E42D00549DC4 /* FlickrPhotosTests.swift */ = {isa = PBXFileReference; lastKnownFileType = sourcecode.swift; path = FlickrPhotosTests.swift; sourceTree = "<group>"; };
		6447675A2274E42D00549DC4 /* Info.plist */ = {isa = PBXFileReference; lastKnownFileType = text.plist.xml; path = Info.plist; sourceTree = "<group>"; };
		644767602274E46800549DC4 /* ImageCacheTests.swift */ = {isa = PBXFileReference; lastKnownFileType = sourcecode.swift; path = ImageCacheTests.swift; sourceTree = "<group>"; };
		644767622274E51900549DC4 /* uber.jpg */ = {isa = PBXFileReference; lastKnownFileType = image.jpeg; path = uber.jpg; sourceTree = "<group>"; };
		64476764227628CD00549DC4 /* NetworkManager.swift */ = {isa = PBXFileReference; lastKnownFileType = sourcecode.swift; path = NetworkManager.swift; sourceTree = "<group>"; };
		6447676622763EAA00549DC4 /* FlickrPhotosSearchAPI.swift */ = {isa = PBXFileReference; lastKnownFileType = sourcecode.swift; path = FlickrPhotosSearchAPI.swift; sourceTree = "<group>"; };
		64476774227746E600549DC4 /* Constants.swift */ = {isa = PBXFileReference; lastKnownFileType = sourcecode.swift; path = Constants.swift; sourceTree = "<group>"; };
		6447677622774DC000549DC4 /* FlickrPhotoSearchService.swift */ = {isa = PBXFileReference; lastKnownFileType = sourcecode.swift; path = FlickrPhotoSearchService.swift; sourceTree = "<group>"; };
		644767782277559400549DC4 /* FlickrPhotosViewModel.swift */ = {isa = PBXFileReference; lastKnownFileType = sourcecode.swift; path = FlickrPhotosViewModel.swift; sourceTree = "<group>"; };
		6447677A2277572500549DC4 /* FlickrPhotosCell.swift */ = {isa = PBXFileReference; lastKnownFileType = sourcecode.swift; path = FlickrPhotosCell.swift; sourceTree = "<group>"; };
		6447677B2277572500549DC4 /* FlickrPhotosCell.xib */ = {isa = PBXFileReference; lastKnownFileType = file.xib; path = FlickrPhotosCell.xib; sourceTree = "<group>"; };
		64476782227784CD00549DC4 /* Localizable.strings */ = {isa = PBXFileReference; lastKnownFileType = text.plist.strings; path = Localizable.strings; sourceTree = "<group>"; };
		645089CD22788B2700A2880E /* Photo.swift */ = {isa = PBXFileReference; lastKnownFileType = sourcecode.swift; path = Photo.swift; sourceTree = "<group>"; };
		645089CF22788B3700A2880E /* PhotosList.swift */ = {isa = PBXFileReference; lastKnownFileType = sourcecode.swift; path = PhotosList.swift; sourceTree = "<group>"; };
		645089D122788B4500A2880E /* FlickrPhotoSearchResponse.swift */ = {isa = PBXFileReference; lastKnownFileType = sourcecode.swift; path = FlickrPhotoSearchResponse.swift; sourceTree = "<group>"; };
		645089D822788C1900A2880E /* Cache.swift */ = {isa = PBXFileReference; lastKnownFileType = sourcecode.swift; path = Cache.swift; sourceTree = "<group>"; };
		645089DB2278C6CB00A2880E /* Error.swift */ = {isa = PBXFileReference; lastKnownFileType = sourcecode.swift; path = Error.swift; sourceTree = "<group>"; };
		645089DE2278CE3500A2880E /* Parser.swift */ = {isa = PBXFileReference; lastKnownFileType = sourcecode.swift; path = Parser.swift; sourceTree = "<group>"; };
		645089E02278CE6500A2880E /* APIInfo.swift */ = {isa = PBXFileReference; lastKnownFileType = sourcecode.swift; path = APIInfo.swift; sourceTree = "<group>"; };
		64FD94E02277A20500231BF5 /* ParserTests.swift */ = {isa = PBXFileReference; lastKnownFileType = sourcecode.swift; path = ParserTests.swift; sourceTree = "<group>"; };
		64FD94E22277A26C00231BF5 /* images.json */ = {isa = PBXFileReference; lastKnownFileType = text.json; path = images.json; sourceTree = "<group>"; xcLanguageSpecificationIdentifier = xcode.lang.json; };
		64FD94E42277A34200231BF5 /* error.json */ = {isa = PBXFileReference; lastKnownFileType = text.json; path = error.json; sourceTree = "<group>"; };
		64FD94E62277AA7300231BF5 /* ViewModelTests.swift */ = {isa = PBXFileReference; lastKnownFileType = sourcecode.swift; path = ViewModelTests.swift; sourceTree = "<group>"; };
/* End PBXFileReference section */

/* Begin PBXFrameworksBuildPhase section */
		644767382274DC0E00549DC4 /* Frameworks */ = {
			isa = PBXFrameworksBuildPhase;
			buildActionMask = 2147483647;
			files = (
			);
			runOnlyForDeploymentPostprocessing = 0;
		};
		644767532274E42D00549DC4 /* Frameworks */ = {
			isa = PBXFrameworksBuildPhase;
			buildActionMask = 2147483647;
			files = (
			);
			runOnlyForDeploymentPostprocessing = 0;
		};
/* End PBXFrameworksBuildPhase section */

/* Begin PBXGroup section */
		644767322274DC0E00549DC4 = {
			isa = PBXGroup;
			children = (
				6447673D2274DC0E00549DC4 /* FlickrPhotos */,
				644767572274E42D00549DC4 /* FlickrPhotosTests */,
				6447673C2274DC0E00549DC4 /* Products */,
			);
			sourceTree = "<group>";
		};
		6447673C2274DC0E00549DC4 /* Products */ = {
			isa = PBXGroup;
			children = (
				6447673B2274DC0E00549DC4 /* FlickrPhotos.app */,
				644767562274E42D00549DC4 /* FlickrPhotosTests.xctest */,
			);
			name = Products;
			sourceTree = "<group>";
		};
		6447673D2274DC0E00549DC4 /* FlickrPhotos */ = {
			isa = PBXGroup;
			children = (
				6447673E2274DC0E00549DC4 /* AppDelegate.swift */,
				645089D322788B8800A2880E /* PhotosController */,
				645089D422788BB000A2880E /* PhotosViewModel */,
				645089D522788BC500A2880E /* PhotosCell */,
				6447678822778E5B00549DC4 /* Models */,
				6447678622778E1600549DC4 /* Service */,
				645089D622788BE500A2880E /* API */,
				645089DD2278CE1C00A2880E /* Parser */,
				6447678522778DF300549DC4 /* Network */,
				645089E22278D17A00A2880E /* ErrorHandler */,
				645089D722788BFD00A2880E /* ImageDownloader */,
				6447678722778E2E00549DC4 /* Common */,
				64476782227784CD00549DC4 /* Localizable.strings */,
				644767422274DC0E00549DC4 /* Main.storyboard */,
				644767452274DC1100549DC4 /* Assets.xcassets */,
				644767472274DC1100549DC4 /* LaunchScreen.storyboard */,
				6447674A2274DC1100549DC4 /* Info.plist */,
			);
			path = FlickrPhotos;
			sourceTree = "<group>";
		};
		644767572274E42D00549DC4 /* FlickrPhotosTests */ = {
			isa = PBXGroup;
			children = (
				645089DA22788CA100A2880E /* Resources */,
				644767582274E42D00549DC4 /* FlickrPhotosTests.swift */,
				644767602274E46800549DC4 /* ImageCacheTests.swift */,
				64FD94E02277A20500231BF5 /* ParserTests.swift */,
				640B84B1227A202400177335 /* ErrorTests.swift */,
				640B84B3227A31F100177335 /* ModelTests.swift */,
				64FD94E62277AA7300231BF5 /* ViewModelTests.swift */,
				6447675A2274E42D00549DC4 /* Info.plist */,
			);
			path = FlickrPhotosTests;
			sourceTree = "<group>";
		};
		6447678522778DF300549DC4 /* Network */ = {
			isa = PBXGroup;
			children = (
				64476764227628CD00549DC4 /* NetworkManager.swift */,
			);
			path = Network;
			sourceTree = "<group>";
		};
		6447678622778E1600549DC4 /* Service */ = {
			isa = PBXGroup;
			children = (
				6447677622774DC000549DC4 /* FlickrPhotoSearchService.swift */,
			);
			path = Service;
			sourceTree = "<group>";
		};
		6447678722778E2E00549DC4 /* Common */ = {
			isa = PBXGroup;
			children = (
				64476774227746E600549DC4 /* Constants.swift */,
				640B84AD227A1F8300177335 /* Loader.swift */,
			);
			path = Common;
			sourceTree = "<group>";
		};
		6447678822778E5B00549DC4 /* Models */ = {
			isa = PBXGroup;
			children = (
				645089CD22788B2700A2880E /* Photo.swift */,
				645089CF22788B3700A2880E /* PhotosList.swift */,
				645089D122788B4500A2880E /* FlickrPhotoSearchResponse.swift */,
			);
			path = Models;
			sourceTree = "<group>";
		};
		645089D322788B8800A2880E /* PhotosController */ = {
			isa = PBXGroup;
			children = (
				644767402274DC0E00549DC4 /* FlickrPhotosViewController.swift */,
			);
			path = PhotosController;
			sourceTree = "<group>";
		};
		645089D422788BB000A2880E /* PhotosViewModel */ = {
			isa = PBXGroup;
			children = (
				644767782277559400549DC4 /* FlickrPhotosViewModel.swift */,
			);
			path = PhotosViewModel;
			sourceTree = "<group>";
		};
		645089D522788BC500A2880E /* PhotosCell */ = {
			isa = PBXGroup;
			children = (
				6447677A2277572500549DC4 /* FlickrPhotosCell.swift */,
				6447677B2277572500549DC4 /* FlickrPhotosCell.xib */,
			);
			path = PhotosCell;
			sourceTree = "<group>";
		};
		645089D622788BE500A2880E /* API */ = {
			isa = PBXGroup;
			children = (
				6447676622763EAA00549DC4 /* FlickrPhotosSearchAPI.swift */,
				645089E02278CE6500A2880E /* APIInfo.swift */,
			);
			path = API;
			sourceTree = "<group>";
		};
		645089D722788BFD00A2880E /* ImageDownloader */ = {
			isa = PBXGroup;
			children = (
				644767502274DCB800549DC4 /* ImageDownloader.swift */,
				645089D822788C1900A2880E /* Cache.swift */,
			);
			path = ImageDownloader;
			sourceTree = "<group>";
		};
		645089DA22788CA100A2880E /* Resources */ = {
			isa = PBXGroup;
			children = (
				644767622274E51900549DC4 /* uber.jpg */,
				64FD94E22277A26C00231BF5 /* images.json */,
				64FD94E42277A34200231BF5 /* error.json */,
			);
			path = Resources;
			sourceTree = "<group>";
		};
		645089DD2278CE1C00A2880E /* Parser */ = {
			isa = PBXGroup;
			children = (
				645089DE2278CE3500A2880E /* Parser.swift */,
			);
			path = Parser;
			sourceTree = "<group>";
		};
		645089E22278D17A00A2880E /* ErrorHandler */ = {
			isa = PBXGroup;
			children = (
				645089DB2278C6CB00A2880E /* Error.swift */,
			);
			path = ErrorHandler;
			sourceTree = "<group>";
		};
/* End PBXGroup section */

/* Begin PBXNativeTarget section */
		6447673A2274DC0E00549DC4 /* FlickrPhotos */ = {
			isa = PBXNativeTarget;
			buildConfigurationList = 6447674D2274DC1100549DC4 /* Build configuration list for PBXNativeTarget "FlickrPhotos" */;
			buildPhases = (
				644767372274DC0E00549DC4 /* Sources */,
				644767382274DC0E00549DC4 /* Frameworks */,
				644767392274DC0E00549DC4 /* Resources */,
			);
			buildRules = (
			);
			dependencies = (
			);
			name = FlickrPhotos;
			productName = FlickrPhotos;
			productReference = 6447673B2274DC0E00549DC4 /* FlickrPhotos.app */;
			productType = "com.apple.product-type.application";
		};
		644767552274E42D00549DC4 /* FlickrPhotosTests */ = {
			isa = PBXNativeTarget;
			buildConfigurationList = 6447675D2274E42D00549DC4 /* Build configuration list for PBXNativeTarget "FlickrPhotosTests" */;
			buildPhases = (
				644767522274E42D00549DC4 /* Sources */,
				644767532274E42D00549DC4 /* Frameworks */,
				644767542274E42D00549DC4 /* Resources */,
			);
			buildRules = (
			);
			dependencies = (
				6447675C2274E42D00549DC4 /* PBXTargetDependency */,
			);
			name = FlickrPhotosTests;
			productName = FlickrPhotosTests;
			productReference = 644767562274E42D00549DC4 /* FlickrPhotosTests.xctest */;
			productType = "com.apple.product-type.bundle.unit-test";
		};
/* End PBXNativeTarget section */

/* Begin PBXProject section */
		644767332274DC0E00549DC4 /* Project object */ = {
			isa = PBXProject;
			attributes = {
				LastSwiftUpdateCheck = 1020;
				LastUpgradeCheck = 1020;
				ORGANIZATIONNAME = "Shanmugam sekar";
				TargetAttributes = {
					6447673A2274DC0E00549DC4 = {
						CreatedOnToolsVersion = 10.2.1;
					};
					644767552274E42D00549DC4 = {
						CreatedOnToolsVersion = 10.2.1;
						TestTargetID = 6447673A2274DC0E00549DC4;
					};
				};
			};
			buildConfigurationList = 644767362274DC0E00549DC4 /* Build configuration list for PBXProject "FlickrPhotos" */;
			compatibilityVersion = "Xcode 9.3";
			developmentRegion = en;
			hasScannedForEncodings = 0;
			knownRegions = (
				en,
				Base,
			);
			mainGroup = 644767322274DC0E00549DC4;
			productRefGroup = 6447673C2274DC0E00549DC4 /* Products */;
			projectDirPath = "";
			projectRoot = "";
			targets = (
				6447673A2274DC0E00549DC4 /* FlickrPhotos */,
				644767552274E42D00549DC4 /* FlickrPhotosTests */,
			);
		};
/* End PBXProject section */

/* Begin PBXResourcesBuildPhase section */
		644767392274DC0E00549DC4 /* Resources */ = {
			isa = PBXResourcesBuildPhase;
			buildActionMask = 2147483647;
			files = (
				64476783227784CD00549DC4 /* Localizable.strings in Resources */,
				644767492274DC1100549DC4 /* LaunchScreen.storyboard in Resources */,
				6447677D2277572500549DC4 /* FlickrPhotosCell.xib in Resources */,
				644767462274DC1100549DC4 /* Assets.xcassets in Resources */,
				644767442274DC0E00549DC4 /* Main.storyboard in Resources */,
			);
			runOnlyForDeploymentPostprocessing = 0;
		};
		644767542274E42D00549DC4 /* Resources */ = {
			isa = PBXResourcesBuildPhase;
			buildActionMask = 2147483647;
			files = (
				64FD94E52277A34200231BF5 /* error.json in Resources */,
				644767632274E51900549DC4 /* uber.jpg in Resources */,
				64FD94E32277A26C00231BF5 /* images.json in Resources */,
			);
			runOnlyForDeploymentPostprocessing = 0;
		};
/* End PBXResourcesBuildPhase section */

/* Begin PBXSourcesBuildPhase section */
		644767372274DC0E00549DC4 /* Sources */ = {
			isa = PBXSourcesBuildPhase;
			buildActionMask = 2147483647;
			files = (
				645089D922788C1900A2880E /* Cache.swift in Sources */,
				645089E12278CE6500A2880E /* APIInfo.swift in Sources */,
				645089CE22788B2700A2880E /* Photo.swift in Sources */,
				645089D222788B4500A2880E /* FlickrPhotoSearchResponse.swift in Sources */,
				645089DF2278CE3500A2880E /* Parser.swift in Sources */,
				64476765227628CD00549DC4 /* NetworkManager.swift in Sources */,
				644767412274DC0E00549DC4 /* FlickrPhotosViewController.swift in Sources */,
				640B84AE227A1F8300177335 /* Loader.swift in Sources */,
				644767792277559400549DC4 /* FlickrPhotosViewModel.swift in Sources */,
				644767512274DCB800549DC4 /* ImageDownloader.swift in Sources */,
				645089D022788B3700A2880E /* PhotosList.swift in Sources */,
				64476775227746E600549DC4 /* Constants.swift in Sources */,
				6447677722774DC000549DC4 /* FlickrPhotoSearchService.swift in Sources */,
				6447677C2277572500549DC4 /* FlickrPhotosCell.swift in Sources */,
				6447676722763EAA00549DC4 /* FlickrPhotosSearchAPI.swift in Sources */,
				645089DC2278C6CB00A2880E /* Error.swift in Sources */,
				6447673F2274DC0E00549DC4 /* AppDelegate.swift in Sources */,
			);
			runOnlyForDeploymentPostprocessing = 0;
		};
		644767522274E42D00549DC4 /* Sources */ = {
			isa = PBXSourcesBuildPhase;
			buildActionMask = 2147483647;
			files = (
				644767612274E46800549DC4 /* ImageCacheTests.swift in Sources */,
				644767592274E42D00549DC4 /* FlickrPhotosTests.swift in Sources */,
				64FD94E72277AA7300231BF5 /* ViewModelTests.swift in Sources */,
				640B84B4227A31F100177335 /* ModelTests.swift in Sources */,
				640B84B2227A202400177335 /* ErrorTests.swift in Sources */,
				64FD94E12277A20500231BF5 /* ParserTests.swift in Sources */,
			);
			runOnlyForDeploymentPostprocessing = 0;
		};
/* End PBXSourcesBuildPhase section */

/* Begin PBXTargetDependency section */
		6447675C2274E42D00549DC4 /* PBXTargetDependency */ = {
			isa = PBXTargetDependency;
			target = 6447673A2274DC0E00549DC4 /* FlickrPhotos */;
			targetProxy = 6447675B2274E42D00549DC4 /* PBXContainerItemProxy */;
		};
/* End PBXTargetDependency section */

/* Begin PBXVariantGroup section */
		644767422274DC0E00549DC4 /* Main.storyboard */ = {
			isa = PBXVariantGroup;
			children = (
				644767432274DC0E00549DC4 /* Base */,
			);
			name = Main.storyboard;
			sourceTree = "<group>";
		};
		644767472274DC1100549DC4 /* LaunchScreen.storyboard */ = {
			isa = PBXVariantGroup;
			children = (
				644767482274DC1100549DC4 /* Base */,
			);
			name = LaunchScreen.storyboard;
			sourceTree = "<group>";
		};
/* End PBXVariantGroup section */

/* Begin XCBuildConfiguration section */
		6447674B2274DC1100549DC4 /* Debug */ = {
			isa = XCBuildConfiguration;
			buildSettings = {
				ALWAYS_SEARCH_USER_PATHS = NO;
				CLANG_ANALYZER_NONNULL = YES;
				CLANG_ANALYZER_NUMBER_OBJECT_CONVERSION = YES_AGGRESSIVE;
				CLANG_CXX_LANGUAGE_STANDARD = "gnu++14";
				CLANG_CXX_LIBRARY = "libc++";
				CLANG_ENABLE_MODULES = YES;
				CLANG_ENABLE_OBJC_ARC = YES;
				CLANG_ENABLE_OBJC_WEAK = YES;
				CLANG_WARN_BLOCK_CAPTURE_AUTORELEASING = YES;
				CLANG_WARN_BOOL_CONVERSION = YES;
				CLANG_WARN_COMMA = YES;
				CLANG_WARN_CONSTANT_CONVERSION = YES;
				CLANG_WARN_DEPRECATED_OBJC_IMPLEMENTATIONS = YES;
				CLANG_WARN_DIRECT_OBJC_ISA_USAGE = YES_ERROR;
				CLANG_WARN_DOCUMENTATION_COMMENTS = YES;
				CLANG_WARN_EMPTY_BODY = YES;
				CLANG_WARN_ENUM_CONVERSION = YES;
				CLANG_WARN_INFINITE_RECURSION = YES;
				CLANG_WARN_INT_CONVERSION = YES;
				CLANG_WARN_NON_LITERAL_NULL_CONVERSION = YES;
				CLANG_WARN_OBJC_IMPLICIT_RETAIN_SELF = YES;
				CLANG_WARN_OBJC_LITERAL_CONVERSION = YES;
				CLANG_WARN_OBJC_ROOT_CLASS = YES_ERROR;
				CLANG_WARN_RANGE_LOOP_ANALYSIS = YES;
				CLANG_WARN_STRICT_PROTOTYPES = YES;
				CLANG_WARN_SUSPICIOUS_MOVE = YES;
				CLANG_WARN_UNGUARDED_AVAILABILITY = YES_AGGRESSIVE;
				CLANG_WARN_UNREACHABLE_CODE = YES;
				CLANG_WARN__DUPLICATE_METHOD_MATCH = YES;
				CODE_SIGN_IDENTITY = "iPhone Developer";
				COPY_PHASE_STRIP = NO;
				DEBUG_INFORMATION_FORMAT = dwarf;
				ENABLE_STRICT_OBJC_MSGSEND = YES;
				ENABLE_TESTABILITY = YES;
				GCC_C_LANGUAGE_STANDARD = gnu11;
				GCC_DYNAMIC_NO_PIC = NO;
				GCC_NO_COMMON_BLOCKS = YES;
				GCC_OPTIMIZATION_LEVEL = 0;
				GCC_PREPROCESSOR_DEFINITIONS = (
					"DEBUG=1",
					"$(inherited)",
				);
				GCC_WARN_64_TO_32_BIT_CONVERSION = YES;
				GCC_WARN_ABOUT_RETURN_TYPE = YES_ERROR;
				GCC_WARN_UNDECLARED_SELECTOR = YES;
				GCC_WARN_UNINITIALIZED_AUTOS = YES_AGGRESSIVE;
				GCC_WARN_UNUSED_FUNCTION = YES;
				GCC_WARN_UNUSED_VARIABLE = YES;
				IPHONEOS_DEPLOYMENT_TARGET = 12.2;
				MTL_ENABLE_DEBUG_INFO = INCLUDE_SOURCE;
				MTL_FAST_MATH = YES;
				ONLY_ACTIVE_ARCH = YES;
				SDKROOT = iphoneos;
				SWIFT_ACTIVE_COMPILATION_CONDITIONS = DEBUG;
				SWIFT_OPTIMIZATION_LEVEL = "-Onone";
			};
			name = Debug;
		};
		6447674C2274DC1100549DC4 /* Release */ = {
			isa = XCBuildConfiguration;
			buildSettings = {
				ALWAYS_SEARCH_USER_PATHS = NO;
				CLANG_ANALYZER_NONNULL = YES;
				CLANG_ANALYZER_NUMBER_OBJECT_CONVERSION = YES_AGGRESSIVE;
				CLANG_CXX_LANGUAGE_STANDARD = "gnu++14";
				CLANG_CXX_LIBRARY = "libc++";
				CLANG_ENABLE_MODULES = YES;
				CLANG_ENABLE_OBJC_ARC = YES;
				CLANG_ENABLE_OBJC_WEAK = YES;
				CLANG_WARN_BLOCK_CAPTURE_AUTORELEASING = YES;
				CLANG_WARN_BOOL_CONVERSION = YES;
				CLANG_WARN_COMMA = YES;
				CLANG_WARN_CONSTANT_CONVERSION = YES;
				CLANG_WARN_DEPRECATED_OBJC_IMPLEMENTATIONS = YES;
				CLANG_WARN_DIRECT_OBJC_ISA_USAGE = YES_ERROR;
				CLANG_WARN_DOCUMENTATION_COMMENTS = YES;
				CLANG_WARN_EMPTY_BODY = YES;
				CLANG_WARN_ENUM_CONVERSION = YES;
				CLANG_WARN_INFINITE_RECURSION = YES;
				CLANG_WARN_INT_CONVERSION = YES;
				CLANG_WARN_NON_LITERAL_NULL_CONVERSION = YES;
				CLANG_WARN_OBJC_IMPLICIT_RETAIN_SELF = YES;
				CLANG_WARN_OBJC_LITERAL_CONVERSION = YES;
				CLANG_WARN_OBJC_ROOT_CLASS = YES_ERROR;
				CLANG_WARN_RANGE_LOOP_ANALYSIS = YES;
				CLANG_WARN_STRICT_PROTOTYPES = YES;
				CLANG_WARN_SUSPICIOUS_MOVE = YES;
				CLANG_WARN_UNGUARDED_AVAILABILITY = YES_AGGRESSIVE;
				CLANG_WARN_UNREACHABLE_CODE = YES;
				CLANG_WARN__DUPLICATE_METHOD_MATCH = YES;
				CODE_SIGN_IDENTITY = "iPhone Developer";
				COPY_PHASE_STRIP = NO;
				DEBUG_INFORMATION_FORMAT = "dwarf-with-dsym";
				ENABLE_NS_ASSERTIONS = NO;
				ENABLE_STRICT_OBJC_MSGSEND = YES;
				GCC_C_LANGUAGE_STANDARD = gnu11;
				GCC_NO_COMMON_BLOCKS = YES;
				GCC_WARN_64_TO_32_BIT_CONVERSION = YES;
				GCC_WARN_ABOUT_RETURN_TYPE = YES_ERROR;
				GCC_WARN_UNDECLARED_SELECTOR = YES;
				GCC_WARN_UNINITIALIZED_AUTOS = YES_AGGRESSIVE;
				GCC_WARN_UNUSED_FUNCTION = YES;
				GCC_WARN_UNUSED_VARIABLE = YES;
				IPHONEOS_DEPLOYMENT_TARGET = 12.2;
				MTL_ENABLE_DEBUG_INFO = NO;
				MTL_FAST_MATH = YES;
				SDKROOT = iphoneos;
				SWIFT_COMPILATION_MODE = wholemodule;
				SWIFT_OPTIMIZATION_LEVEL = "-O";
				VALIDATE_PRODUCT = YES;
			};
			name = Release;
		};
		6447674E2274DC1100549DC4 /* Debug */ = {
			isa = XCBuildConfiguration;
			buildSettings = {
				ASSETCATALOG_COMPILER_APPICON_NAME = AppIcon;
				CODE_SIGN_STYLE = Automatic;
				INFOPLIST_FILE = FlickrPhotos/Info.plist;
				LD_RUNPATH_SEARCH_PATHS = (
					"$(inherited)",
					"@executable_path/Frameworks",
				);
				PRODUCT_BUNDLE_IDENTIFIER = com.shanmugam.FlickrPhotos;
				PRODUCT_NAME = "$(TARGET_NAME)";
				SWIFT_VERSION = 5.0;
				TARGETED_DEVICE_FAMILY = "1,2";
			};
			name = Debug;
		};
		6447674F2274DC1100549DC4 /* Release */ = {
			isa = XCBuildConfiguration;
			buildSettings = {
				ASSETCATALOG_COMPILER_APPICON_NAME = AppIcon;
				CODE_SIGN_STYLE = Automatic;
				INFOPLIST_FILE = FlickrPhotos/Info.plist;
				LD_RUNPATH_SEARCH_PATHS = (
					"$(inherited)",
					"@executable_path/Frameworks",
				);
				PRODUCT_BUNDLE_IDENTIFIER = com.shanmugam.FlickrPhotos;
				PRODUCT_NAME = "$(TARGET_NAME)";
				SWIFT_VERSION = 5.0;
				TARGETED_DEVICE_FAMILY = "1,2";
			};
			name = Release;
		};
		6447675E2274E42D00549DC4 /* Debug */ = {
			isa = XCBuildConfiguration;
			buildSettings = {
				BUNDLE_LOADER = "$(TEST_HOST)";
				CODE_SIGN_STYLE = Automatic;
				INFOPLIST_FILE = FlickrPhotosTests/Info.plist;
				LD_RUNPATH_SEARCH_PATHS = (
					"$(inherited)",
					"@executable_path/Frameworks",
					"@loader_path/Frameworks",
				);
				PRODUCT_BUNDLE_IDENTIFIER = com.shanmugam.FlickrPhotosTests;
				PRODUCT_NAME = "$(TARGET_NAME)";
				SWIFT_VERSION = 5.0;
				TARGETED_DEVICE_FAMILY = "1,2";
				TEST_HOST = "$(BUILT_PRODUCTS_DIR)/FlickrPhotos.app/FlickrPhotos";
			};
			name = Debug;
		};
		6447675F2274E42D00549DC4 /* Release */ = {
			isa = XCBuildConfiguration;
			buildSettings = {
				BUNDLE_LOADER = "$(TEST_HOST)";
				CODE_SIGN_STYLE = Automatic;
				INFOPLIST_FILE = FlickrPhotosTests/Info.plist;
				LD_RUNPATH_SEARCH_PATHS = (
					"$(inherited)",
					"@executable_path/Frameworks",
					"@loader_path/Frameworks",
				);
				PRODUCT_BUNDLE_IDENTIFIER = com.shanmugam.FlickrPhotosTests;
				PRODUCT_NAME = "$(TARGET_NAME)";
				SWIFT_VERSION = 5.0;
				TARGETED_DEVICE_FAMILY = "1,2";
				TEST_HOST = "$(BUILT_PRODUCTS_DIR)/FlickrPhotos.app/FlickrPhotos";
			};
			name = Release;
		};
/* End XCBuildConfiguration section */

/* Begin XCConfigurationList section */
		644767362274DC0E00549DC4 /* Build configuration list for PBXProject "FlickrPhotos" */ = {
			isa = XCConfigurationList;
			buildConfigurations = (
				6447674B2274DC1100549DC4 /* Debug */,
				6447674C2274DC1100549DC4 /* Release */,
			);
			defaultConfigurationIsVisible = 0;
			defaultConfigurationName = Release;
		};
		6447674D2274DC1100549DC4 /* Build configuration list for PBXNativeTarget "FlickrPhotos" */ = {
			isa = XCConfigurationList;
			buildConfigurations = (
				6447674E2274DC1100549DC4 /* Debug */,
				6447674F2274DC1100549DC4 /* Release */,
			);
			defaultConfigurationIsVisible = 0;
			defaultConfigurationName = Release;
		};
		6447675D2274E42D00549DC4 /* Build configuration list for PBXNativeTarget "FlickrPhotosTests" */ = {
			isa = XCConfigurationList;
			buildConfigurations = (
				6447675E2274E42D00549DC4 /* Debug */,
				6447675F2274E42D00549DC4 /* Release */,
			);
			defaultConfigurationIsVisible = 0;
			defaultConfigurationName = Release;
		};
/* End XCConfigurationList section */
	};
	rootObject = 644767332274DC0E00549DC4 /* Project object */;
}
